{
    "_readme": [
        "This file locks the dependencies of your project to a known state",
        "Read more about it at https://getcomposer.org/doc/01-basic-usage.md#composer-lock-the-lock-file",
        "This file is @generated automatically"
    ],
    "content-hash": "bd33e8d5e2ac1842278c9ebcc80862b9",
    "packages": [
        {
            "name": "league/event",
            "version": "2.1.2",
            "source": {
                "type": "git",
                "url": "https://github.com/thephpleague/event.git",
                "reference": "e4bfc88dbcb60c8d8a2939a71f9813e141bbe4cd"
            },
            "dist": {
                "type": "zip",
                "url": "https://api.github.com/repos/thephpleague/event/zipball/e4bfc88dbcb60c8d8a2939a71f9813e141bbe4cd",
                "reference": "e4bfc88dbcb60c8d8a2939a71f9813e141bbe4cd",
                "shasum": ""
            },
            "require": {
                "php": ">=5.4.0"
            },
            "require-dev": {
                "henrikbjorn/phpspec-code-coverage": "~1.0.1",
                "phpspec/phpspec": "~2.0.0"
            },
            "type": "library",
            "extra": {
                "branch-alias": {
                    "dev-master": "2.2-dev"
                }
            },
            "autoload": {
                "psr-4": {
                    "League\\Event\\": "src/"
                }
            },
            "notification-url": "https://packagist.org/downloads/",
            "license": [
                "MIT"
            ],
            "authors": [
                {
                    "name": "Frank de Jonge",
                    "email": "info@frenky.net"
                }
            ],
            "description": "Event package",
            "keywords": [
                "emitter",
                "event",
                "listener"
            ],
            "time": "2015-05-21T12:24:47+00:00"
        },
        {
            "name": "macfja/symfony-console-filechooser",
            "version": "0.2",
            "source": {
                "type": "git",
                "url": "https://github.com/MacFJA/Symfony-Console-Filechooser.git",
                "reference": "abed2593d4a75130b4472cb9de62936a8498e096"
            },
            "dist": {
                "type": "zip",
                "url": "https://api.github.com/repos/MacFJA/Symfony-Console-Filechooser/zipball/abed2593d4a75130b4472cb9de62936a8498e096",
                "reference": "abed2593d4a75130b4472cb9de62936a8498e096",
                "shasum": ""
            },
            "require": {
                "symfony/console": "~2.6 || ^3.0",
                "symfony/finder": "~2.6 || ^3.0"
            },
            "type": "library",
            "autoload": {
                "psr-4": {
                    "MacFJA\\Symfony\\Console\\Filechooser\\": "lib/"
                }
            },
            "notification-url": "https://packagist.org/downloads/",
            "license": [
                "MIT"
            ],
            "authors": [
                {
                    "name": "MacFJA"
                }
            ],
            "description": "Filechooser Helper for Symfony2 console (with autocompletion support)",
            "keywords": [
                "autocomplete",
                "autocompletion",
                "chooser",
                "console",
                "file",
                "filesystem",
                "interactive",
                "symfony"
            ],
            "time": "2017-08-05T19:16:50+00:00"
        },
        {
            "name": "neutron/signal-handler",
            "version": "1.0.1",
            "source": {
                "type": "git",
                "url": "https://github.com/romainneutron/signal-handler.git",
                "reference": "5f2069bf4a5901a65be51f57ea60779a279564c1"
            },
            "dist": {
                "type": "zip",
                "url": "https://api.github.com/repos/romainneutron/signal-handler/zipball/5f2069bf4a5901a65be51f57ea60779a279564c1",
                "reference": "5f2069bf4a5901a65be51f57ea60779a279564c1",
                "shasum": ""
            },
            "require": {
                "php": ">=5.3.3"
            },
            "require-dev": {
                "phpunit/phpunit": "~3.7"
            },
            "type": "library",
            "autoload": {
                "psr-0": {
                    "Neutron": "src"
                }
            },
            "notification-url": "https://packagist.org/downloads/",
            "license": [
                "MIT"
            ],
            "authors": [
                {
                    "name": "Romain Neutron",
                    "email": "imprec@gmail.com",
                    "homepage": "http://www.lickmychip.com/"
                }
            ],
            "description": "A library to ease the use of signal handling.",
            "keywords": [
                "signal"
            ],
            "time": "2014-01-15T17:24:13+00:00"
        },
        {
            "name": "psr/log",
            "version": "1.0.2",
            "source": {
                "type": "git",
                "url": "https://github.com/php-fig/log.git",
                "reference": "4ebe3a8bf773a19edfe0a84b6585ba3d401b724d"
            },
            "dist": {
                "type": "zip",
                "url": "https://api.github.com/repos/php-fig/log/zipball/4ebe3a8bf773a19edfe0a84b6585ba3d401b724d",
                "reference": "4ebe3a8bf773a19edfe0a84b6585ba3d401b724d",
                "shasum": ""
            },
            "require": {
                "php": ">=5.3.0"
            },
            "type": "library",
            "extra": {
                "branch-alias": {
                    "dev-master": "1.0.x-dev"
                }
            },
            "autoload": {
                "psr-4": {
                    "Psr\\Log\\": "Psr/Log/"
                }
            },
            "notification-url": "https://packagist.org/downloads/",
            "license": [
                "MIT"
            ],
            "authors": [
                {
                    "name": "PHP-FIG",
                    "homepage": "http://www.php-fig.org/"
                }
            ],
            "description": "Common interface for logging libraries",
            "homepage": "https://github.com/php-fig/log",
            "keywords": [
                "log",
                "psr",
                "psr-3"
            ],
            "time": "2016-10-10T12:19:37+00:00"
        },
        {
            "name": "rych/bytesize",
            "version": "v1.0.0",
            "source": {
                "type": "git",
                "url": "https://github.com/rchouinard/bytesize.git",
                "reference": "297e16ea047461b91e8d7eb90aa46aaa52917824"
            },
            "dist": {
                "type": "zip",
                "url": "https://api.github.com/repos/rchouinard/bytesize/zipball/297e16ea047461b91e8d7eb90aa46aaa52917824",
                "reference": "297e16ea047461b91e8d7eb90aa46aaa52917824",
                "shasum": ""
            },
            "require": {
                "ext-bcmath": "*",
                "php": ">=5.3.4"
            },
            "require-dev": {
                "phpunit/phpunit": "3.7.*"
            },
            "type": "library",
            "autoload": {
                "psr-4": {
                    "Rych\\ByteSize\\": "src/"
                }
            },
            "notification-url": "https://packagist.org/downloads/",
            "license": [
                "MIT"
            ],
            "authors": [
                {
                    "name": "Ryan Chouinard",
                    "email": "rchouinard@gmail.com",
                    "homepage": "http://ryanchouinard.com"
                }
            ],
            "description": "Utility component for nicely formatted file sizes.",
            "homepage": "https://github.com/rchouinard/bytesize",
            "keywords": [
                "filesize"
            ],
            "time": "2014-04-04T18:06:18+00:00"
        },
        {
            "name": "symfony/console",
            "version": "v3.3.6",
            "source": {
                "type": "git",
                "url": "https://github.com/symfony/console.git",
                "reference": "b0878233cb5c4391347e5495089c7af11b8e6201"
            },
            "dist": {
                "type": "zip",
                "url": "https://api.github.com/repos/symfony/console/zipball/b0878233cb5c4391347e5495089c7af11b8e6201",
                "reference": "b0878233cb5c4391347e5495089c7af11b8e6201",
                "shasum": ""
            },
            "require": {
                "php": ">=5.5.9",
                "symfony/debug": "~2.8|~3.0",
                "symfony/polyfill-mbstring": "~1.0"
            },
            "conflict": {
                "symfony/dependency-injection": "<3.3"
            },
            "require-dev": {
                "psr/log": "~1.0",
                "symfony/config": "~3.3",
                "symfony/dependency-injection": "~3.3",
                "symfony/event-dispatcher": "~2.8|~3.0",
                "symfony/filesystem": "~2.8|~3.0",
                "symfony/http-kernel": "~2.8|~3.0",
                "symfony/process": "~2.8|~3.0"
            },
            "suggest": {
                "psr/log": "For using the console logger",
                "symfony/event-dispatcher": "",
                "symfony/filesystem": "",
                "symfony/process": ""
            },
            "type": "library",
            "extra": {
                "branch-alias": {
                    "dev-master": "3.3-dev"
                }
            },
            "autoload": {
                "psr-4": {
                    "Symfony\\Component\\Console\\": ""
                },
                "exclude-from-classmap": [
                    "/Tests/"
                ]
            },
            "notification-url": "https://packagist.org/downloads/",
            "license": [
                "MIT"
            ],
            "authors": [
                {
                    "name": "Fabien Potencier",
                    "email": "fabien@symfony.com"
                },
                {
                    "name": "Symfony Community",
                    "homepage": "https://symfony.com/contributors"
                }
            ],
            "description": "Symfony Console Component",
            "homepage": "https://symfony.com",
            "time": "2017-07-29T21:27:59+00:00"
        },
        {
            "name": "symfony/debug",
            "version": "v3.3.6",
            "source": {
                "type": "git",
                "url": "https://github.com/symfony/debug.git",
                "reference": "7c13ae8ce1e2adbbd574fc39de7be498e1284e13"
            },
            "dist": {
                "type": "zip",
                "url": "https://api.github.com/repos/symfony/debug/zipball/7c13ae8ce1e2adbbd574fc39de7be498e1284e13",
                "reference": "7c13ae8ce1e2adbbd574fc39de7be498e1284e13",
                "shasum": ""
            },
            "require": {
                "php": ">=5.5.9",
                "psr/log": "~1.0"
            },
            "conflict": {
                "symfony/http-kernel": ">=2.3,<2.3.24|~2.4.0|>=2.5,<2.5.9|>=2.6,<2.6.2"
            },
            "require-dev": {
                "symfony/http-kernel": "~2.8|~3.0"
            },
            "type": "library",
            "extra": {
                "branch-alias": {
                    "dev-master": "3.3-dev"
                }
            },
            "autoload": {
                "psr-4": {
                    "Symfony\\Component\\Debug\\": ""
                },
                "exclude-from-classmap": [
                    "/Tests/"
                ]
            },
            "notification-url": "https://packagist.org/downloads/",
            "license": [
                "MIT"
            ],
            "authors": [
                {
                    "name": "Fabien Potencier",
                    "email": "fabien@symfony.com"
                },
                {
                    "name": "Symfony Community",
                    "homepage": "https://symfony.com/contributors"
                }
            ],
            "description": "Symfony Debug Component",
            "homepage": "https://symfony.com",
            "time": "2017-07-28T15:27:31+00:00"
        },
        {
            "name": "symfony/finder",
            "version": "v3.3.6",
            "source": {
                "type": "git",
                "url": "https://github.com/symfony/finder.git",
                "reference": "baea7f66d30854ad32988c11a09d7ffd485810c4"
            },
            "dist": {
                "type": "zip",
                "url": "https://api.github.com/repos/symfony/finder/zipball/baea7f66d30854ad32988c11a09d7ffd485810c4",
                "reference": "baea7f66d30854ad32988c11a09d7ffd485810c4",
                "shasum": ""
            },
            "require": {
                "php": ">=5.5.9"
            },
            "type": "library",
            "extra": {
                "branch-alias": {
                    "dev-master": "3.3-dev"
                }
            },
            "autoload": {
                "psr-4": {
                    "Symfony\\Component\\Finder\\": ""
                },
                "exclude-from-classmap": [
                    "/Tests/"
                ]
            },
            "notification-url": "https://packagist.org/downloads/",
            "license": [
                "MIT"
            ],
            "authors": [
                {
                    "name": "Fabien Potencier",
                    "email": "fabien@symfony.com"
                },
                {
                    "name": "Symfony Community",
                    "homepage": "https://symfony.com/contributors"
                }
            ],
            "description": "Symfony Finder Component",
            "homepage": "https://symfony.com",
            "time": "2017-06-01T21:01:25+00:00"
        },
        {
            "name": "symfony/polyfill-mbstring",
            "version": "v1.4.0",
            "source": {
                "type": "git",
                "url": "https://github.com/symfony/polyfill-mbstring.git",
                "reference": "f29dca382a6485c3cbe6379f0c61230167681937"
            },
            "dist": {
                "type": "zip",
                "url": "https://api.github.com/repos/symfony/polyfill-mbstring/zipball/f29dca382a6485c3cbe6379f0c61230167681937",
                "reference": "f29dca382a6485c3cbe6379f0c61230167681937",
                "shasum": ""
            },
            "require": {
                "php": ">=5.3.3"
            },
            "suggest": {
                "ext-mbstring": "For best performance"
            },
            "type": "library",
            "extra": {
                "branch-alias": {
                    "dev-master": "1.4-dev"
                }
            },
            "autoload": {
                "psr-4": {
                    "Symfony\\Polyfill\\Mbstring\\": ""
                },
                "files": [
                    "bootstrap.php"
                ]
            },
            "notification-url": "https://packagist.org/downloads/",
            "license": [
                "MIT"
            ],
            "authors": [
                {
                    "name": "Nicolas Grekas",
                    "email": "p@tchwork.com"
                },
                {
                    "name": "Symfony Community",
                    "homepage": "https://symfony.com/contributors"
                }
            ],
            "description": "Symfony polyfill for the Mbstring extension",
            "homepage": "https://symfony.com",
            "keywords": [
                "compatibility",
                "mbstring",
                "polyfill",
                "portable",
                "shim"
            ],
            "time": "2017-06-09T14:24:12+00:00"
        },
        {
            "name": "symfony/process",
            "version": "v3.3.6",
            "source": {
                "type": "git",
                "url": "https://github.com/symfony/process.git",
                "reference": "07432804942b9f6dd7b7377faf9920af5f95d70a"
            },
            "dist": {
                "type": "zip",
                "url": "https://api.github.com/repos/symfony/process/zipball/07432804942b9f6dd7b7377faf9920af5f95d70a",
                "reference": "07432804942b9f6dd7b7377faf9920af5f95d70a",
                "shasum": ""
            },
            "require": {
                "php": ">=5.5.9"
            },
            "type": "library",
            "extra": {
                "branch-alias": {
                    "dev-master": "3.3-dev"
                }
            },
            "autoload": {
                "psr-4": {
                    "Symfony\\Component\\Process\\": ""
                },
                "exclude-from-classmap": [
                    "/Tests/"
                ]
            },
            "notification-url": "https://packagist.org/downloads/",
            "license": [
                "MIT"
            ],
            "authors": [
                {
                    "name": "Fabien Potencier",
                    "email": "fabien@symfony.com"
                },
                {
                    "name": "Symfony Community",
                    "homepage": "https://symfony.com/contributors"
                }
            ],
            "description": "Symfony Process Component",
            "homepage": "https://symfony.com",
            "time": "2017-07-13T13:05:09+00:00"
        },
        {
            "name": "webignition/readable-duration",
            "version": "0.2",
            "source": {
                "type": "git",
                "url": "https://github.com/webignition/readable-duration.git",
                "reference": "fe7c33e259f82a015db69272e4eaa53c3f394230"
            },
            "dist": {
                "type": "zip",
                "url": "https://api.github.com/repos/webignition/readable-duration/zipball/fe7c33e259f82a015db69272e4eaa53c3f394230",
                "reference": "fe7c33e259f82a015db69272e4eaa53c3f394230",
                "shasum": ""
            },
            "require": {
                "php": ">=5.3.0"
            },
            "type": "library",
            "autoload": {
                "psr-0": {
                    "": "src/"
                }
            },
            "notification-url": "https://packagist.org/downloads/",
            "license": [
                "MIT"
            ],
            "authors": [
                {
                    "name": "Jon Cram",
                    "email": "jon@webignition.net"
                }
            ],
            "description": "Convert a value in seconds into a human-readable convenience duration",
            "homepage": "https://github.com/webignition/readable-duration",
            "keywords": [
                "duration",
                "humand-readable",
                "readable",
                "time"
            ],
            "time": "2013-03-28T15:26:25+00:00"
        }
    ],
    "packages-dev": [
        {
            "name": "pdepend/pdepend",
            "version": "2.5.0",
            "source": {
                "type": "git",
                "url": "https://github.com/pdepend/pdepend.git",
                "reference": "0c50874333149c0dad5a2877801aed148f2767ff"
            },
            "dist": {
                "type": "zip",
                "url": "https://api.github.com/repos/pdepend/pdepend/zipball/0c50874333149c0dad5a2877801aed148f2767ff",
                "reference": "0c50874333149c0dad5a2877801aed148f2767ff",
                "shasum": ""
            },
            "require": {
                "php": ">=5.3.7",
                "symfony/config": "^2.3.0|^3",
                "symfony/dependency-injection": "^2.3.0|^3",
                "symfony/filesystem": "^2.3.0|^3"
            },
            "require-dev": {
                "phpunit/phpunit": "^4.4.0,<4.8",
                "squizlabs/php_codesniffer": "^2.0.0"
            },
            "bin": [
                "src/bin/pdepend"
            ],
            "type": "library",
            "autoload": {
                "psr-4": {
                    "PDepend\\": "src/main/php/PDepend"
                }
            },
            "notification-url": "https://packagist.org/downloads/",
            "license": [
                "BSD-3-Clause"
            ],
            "description": "Official version of pdepend to be handled with Composer",
            "time": "2017-01-19T14:23:36+00:00"
        },
        {
            "name": "phpmd/phpmd",
            "version": "2.6.0",
            "source": {
                "type": "git",
                "url": "https://github.com/phpmd/phpmd.git",
                "reference": "4e9924b2c157a3eb64395460fcf56b31badc8374"
            },
            "dist": {
                "type": "zip",
                "url": "https://api.github.com/repos/phpmd/phpmd/zipball/4e9924b2c157a3eb64395460fcf56b31badc8374",
                "reference": "4e9924b2c157a3eb64395460fcf56b31badc8374",
                "shasum": ""
            },
            "require": {
                "ext-xml": "*",
                "pdepend/pdepend": "^2.5",
                "php": ">=5.3.9"
            },
            "require-dev": {
                "phpunit/phpunit": "^4.0",
                "squizlabs/php_codesniffer": "^2.0"
            },
            "bin": [
                "src/bin/phpmd"
            ],
            "type": "project",
            "autoload": {
                "psr-0": {
                    "PHPMD\\": "src/main/php"
                }
            },
            "notification-url": "https://packagist.org/downloads/",
            "license": [
                "BSD-3-Clause"
            ],
            "authors": [
                {
                    "name": "Manuel Pichler",
                    "email": "github@manuel-pichler.de",
                    "homepage": "https://github.com/manuelpichler",
                    "role": "Project Founder"
                },
                {
                    "name": "Other contributors",
                    "homepage": "https://github.com/phpmd/phpmd/graphs/contributors",
                    "role": "Contributors"
                },
                {
                    "name": "Marc Würth",
                    "email": "ravage@bluewin.ch",
                    "homepage": "https://github.com/ravage84",
                    "role": "Project Maintainer"
                }
            ],
            "description": "PHPMD is a spin-off project of PHP Depend and aims to be a PHP equivalent of the well known Java tool PMD.",
            "homepage": "http://phpmd.org/",
            "keywords": [
                "mess detection",
                "mess detector",
                "pdepend",
                "phpmd",
                "pmd"
            ],
            "time": "2017-01-20T14:41:10+00:00"
        },
        {
            "name": "phpunit/php-timer",
            "version": "1.0.9",
            "source": {
                "type": "git",
                "url": "https://github.com/sebastianbergmann/php-timer.git",
                "reference": "3dcf38ca72b158baf0bc245e9184d3fdffa9c46f"
            },
            "dist": {
                "type": "zip",
                "url": "https://api.github.com/repos/sebastianbergmann/php-timer/zipball/3dcf38ca72b158baf0bc245e9184d3fdffa9c46f",
                "reference": "3dcf38ca72b158baf0bc245e9184d3fdffa9c46f",
                "shasum": ""
            },
            "require": {
                "php": "^5.3.3 || ^7.0"
            },
            "require-dev": {
                "phpunit/phpunit": "^4.8.35 || ^5.7 || ^6.0"
            },
            "type": "library",
            "extra": {
                "branch-alias": {
                    "dev-master": "1.0-dev"
                }
            },
            "autoload": {
                "classmap": [
                    "src/"
                ]
            },
            "notification-url": "https://packagist.org/downloads/",
            "license": [
                "BSD-3-Clause"
            ],
            "authors": [
                {
                    "name": "Sebastian Bergmann",
                    "email": "sb@sebastian-bergmann.de",
                    "role": "lead"
                }
            ],
            "description": "Utility class for timing",
            "homepage": "https://github.com/sebastianbergmann/php-timer/",
            "keywords": [
                "timer"
            ],
            "time": "2017-02-26T11:10:40+00:00"
        },
        {
            "name": "psr/container",
            "version": "1.0.0",
            "source": {
                "type": "git",
                "url": "https://github.com/php-fig/container.git",
                "reference": "b7ce3b176482dbbc1245ebf52b181af44c2cf55f"
            },
            "dist": {
                "type": "zip",
                "url": "https://api.github.com/repos/php-fig/container/zipball/b7ce3b176482dbbc1245ebf52b181af44c2cf55f",
                "reference": "b7ce3b176482dbbc1245ebf52b181af44c2cf55f",
                "shasum": ""
            },
            "require": {
                "php": ">=5.3.0"
            },
            "type": "library",
            "extra": {
                "branch-alias": {
                    "dev-master": "1.0.x-dev"
                }
            },
            "autoload": {
                "psr-4": {
                    "Psr\\Container\\": "src/"
                }
            },
            "notification-url": "https://packagist.org/downloads/",
            "license": [
                "MIT"
            ],
            "authors": [
                {
                    "name": "PHP-FIG",
                    "homepage": "http://www.php-fig.org/"
                }
            ],
            "description": "Common Container Interface (PHP FIG PSR-11)",
            "homepage": "https://github.com/php-fig/container",
            "keywords": [
                "PSR-11",
                "container",
                "container-interface",
                "container-interop",
                "psr"
            ],
            "time": "2017-02-14T16:28:37+00:00"
        },
        {
            "name": "sebastian/finder-facade",
            "version": "1.2.1",
            "source": {
                "type": "git",
                "url": "https://github.com/sebastianbergmann/finder-facade.git",
                "reference": "2a6f7f57efc0aa2d23297d9fd9e2a03111a8c0b9"
            },
            "dist": {
                "type": "zip",
                "url": "https://api.github.com/repos/sebastianbergmann/finder-facade/zipball/2a6f7f57efc0aa2d23297d9fd9e2a03111a8c0b9",
                "reference": "2a6f7f57efc0aa2d23297d9fd9e2a03111a8c0b9",
                "shasum": ""
            },
            "require": {
                "symfony/finder": "~2.3|~3.0",
                "theseer/fdomdocument": "~1.3"
            },
            "type": "library",
            "autoload": {
                "classmap": [
                    "src/"
                ]
            },
            "notification-url": "https://packagist.org/downloads/",
            "license": [
                "BSD-3-Clause"
            ],
            "authors": [
                {
                    "name": "Sebastian Bergmann",
                    "email": "sebastian@phpunit.de",
                    "role": "lead"
                }
            ],
            "description": "FinderFacade is a convenience wrapper for Symfony's Finder component.",
            "homepage": "https://github.com/sebastianbergmann/finder-facade",
            "time": "2016-02-17T07:02:23+00:00"
        },
        {
            "name": "sebastian/phpcpd",
            "version": "2.0.4",
            "source": {
                "type": "git",
                "url": "https://github.com/sebastianbergmann/phpcpd.git",
                "reference": "24d9a880deadb0b8c9680e9cfe78e30b704225db"
            },
            "dist": {
                "type": "zip",
                "url": "https://api.github.com/repos/sebastianbergmann/phpcpd/zipball/24d9a880deadb0b8c9680e9cfe78e30b704225db",
                "reference": "24d9a880deadb0b8c9680e9cfe78e30b704225db",
                "shasum": ""
            },
            "require": {
                "php": ">=5.3.3",
                "phpunit/php-timer": ">=1.0.6",
                "sebastian/finder-facade": "~1.1",
                "sebastian/version": "~1.0|~2.0",
                "symfony/console": "~2.7|^3.0",
                "theseer/fdomdocument": "~1.4"
            },
            "bin": [
                "phpcpd"
            ],
            "type": "library",
            "extra": {
                "branch-alias": {
                    "dev-master": "2.0-dev"
                }
            },
            "autoload": {
                "classmap": [
                    "src/"
                ]
            },
            "notification-url": "https://packagist.org/downloads/",
            "license": [
                "BSD-3-Clause"
            ],
            "authors": [
                {
                    "name": "Sebastian Bergmann",
                    "email": "sebastian@phpunit.de",
                    "role": "lead"
                }
            ],
            "description": "Copy/Paste Detector (CPD) for PHP code.",
            "homepage": "https://github.com/sebastianbergmann/phpcpd",
            "time": "2016-04-17T19:32:49+00:00"
        },
        {
            "name": "sebastian/version",
            "version": "2.0.1",
            "source": {
                "type": "git",
                "url": "https://github.com/sebastianbergmann/version.git",
                "reference": "99732be0ddb3361e16ad77b68ba41efc8e979019"
            },
            "dist": {
                "type": "zip",
                "url": "https://api.github.com/repos/sebastianbergmann/version/zipball/99732be0ddb3361e16ad77b68ba41efc8e979019",
                "reference": "99732be0ddb3361e16ad77b68ba41efc8e979019",
                "shasum": ""
            },
            "require": {
                "php": ">=5.6"
            },
            "type": "library",
            "extra": {
                "branch-alias": {
                    "dev-master": "2.0.x-dev"
                }
            },
            "autoload": {
                "classmap": [
                    "src/"
                ]
            },
            "notification-url": "https://packagist.org/downloads/",
            "license": [
                "BSD-3-Clause"
            ],
            "authors": [
                {
                    "name": "Sebastian Bergmann",
                    "email": "sebastian@phpunit.de",
                    "role": "lead"
                }
            ],
            "description": "Library that helps with managing the version number of Git-hosted PHP projects",
            "homepage": "https://github.com/sebastianbergmann/version",
            "time": "2016-10-03T07:35:21+00:00"
        },
        {
            "name": "squizlabs/php_codesniffer",
            "version": "2.9.1",
            "source": {
                "type": "git",
                "url": "https://github.com/squizlabs/PHP_CodeSniffer.git",
                "reference": "dcbed1074f8244661eecddfc2a675430d8d33f62"
            },
            "dist": {
                "type": "zip",
                "url": "https://api.github.com/repos/squizlabs/PHP_CodeSniffer/zipball/dcbed1074f8244661eecddfc2a675430d8d33f62",
                "reference": "dcbed1074f8244661eecddfc2a675430d8d33f62",
                "shasum": ""
            },
            "require": {
                "ext-simplexml": "*",
                "ext-tokenizer": "*",
                "ext-xmlwriter": "*",
                "php": ">=5.1.2"
            },
            "require-dev": {
                "phpunit/phpunit": "~4.0"
            },
            "bin": [
                "scripts/phpcs",
                "scripts/phpcbf"
            ],
            "type": "library",
            "extra": {
                "branch-alias": {
                    "dev-master": "2.x-dev"
                }
            },
            "autoload": {
                "classmap": [
                    "CodeSniffer.php",
                    "CodeSniffer/CLI.php",
                    "CodeSniffer/Exception.php",
                    "CodeSniffer/File.php",
                    "CodeSniffer/Fixer.php",
                    "CodeSniffer/Report.php",
                    "CodeSniffer/Reporting.php",
                    "CodeSniffer/Sniff.php",
                    "CodeSniffer/Tokens.php",
                    "CodeSniffer/Reports/",
                    "CodeSniffer/Tokenizers/",
                    "CodeSniffer/DocGenerators/",
                    "CodeSniffer/Standards/AbstractPatternSniff.php",
                    "CodeSniffer/Standards/AbstractScopeSniff.php",
                    "CodeSniffer/Standards/AbstractVariableSniff.php",
                    "CodeSniffer/Standards/IncorrectPatternException.php",
                    "CodeSniffer/Standards/Generic/Sniffs/",
                    "CodeSniffer/Standards/MySource/Sniffs/",
                    "CodeSniffer/Standards/PEAR/Sniffs/",
                    "CodeSniffer/Standards/PSR1/Sniffs/",
                    "CodeSniffer/Standards/PSR2/Sniffs/",
                    "CodeSniffer/Standards/Squiz/Sniffs/",
                    "CodeSniffer/Standards/Zend/Sniffs/"
                ]
            },
            "notification-url": "https://packagist.org/downloads/",
            "license": [
                "BSD-3-Clause"
            ],
            "authors": [
                {
                    "name": "Greg Sherwood",
                    "role": "lead"
                }
            ],
            "description": "PHP_CodeSniffer tokenizes PHP, JavaScript and CSS files and detects violations of a defined set of coding standards.",
            "homepage": "http://www.squizlabs.com/php-codesniffer",
            "keywords": [
                "phpcs",
                "standards"
            ],
            "time": "2017-05-22T02:43:20+00:00"
        },
        {
            "name": "symfony/config",
            "version": "v3.3.6",
            "source": {
                "type": "git",
                "url": "https://github.com/symfony/config.git",
                "reference": "54ee12b0dd60f294132cabae6f5da9573d2e5297"
            },
            "dist": {
                "type": "zip",
                "url": "https://api.github.com/repos/symfony/config/zipball/54ee12b0dd60f294132cabae6f5da9573d2e5297",
                "reference": "54ee12b0dd60f294132cabae6f5da9573d2e5297",
                "shasum": ""
            },
            "require": {
                "php": ">=5.5.9",
                "symfony/filesystem": "~2.8|~3.0"
            },
            "conflict": {
                "symfony/dependency-injection": "<3.3",
                "symfony/finder": "<3.3"
            },
            "require-dev": {
                "symfony/dependency-injection": "~3.3",
                "symfony/finder": "~3.3",
                "symfony/yaml": "~3.0"
            },
            "suggest": {
                "symfony/yaml": "To use the yaml reference dumper"
            },
            "type": "library",
            "extra": {
                "branch-alias": {
                    "dev-master": "3.3-dev"
                }
            },
            "autoload": {
                "psr-4": {
                    "Symfony\\Component\\Config\\": ""
                },
                "exclude-from-classmap": [
                    "/Tests/"
                ]
            },
            "notification-url": "https://packagist.org/downloads/",
            "license": [
                "MIT"
            ],
            "authors": [
                {
                    "name": "Fabien Potencier",
                    "email": "fabien@symfony.com"
                },
                {
                    "name": "Symfony Community",
                    "homepage": "https://symfony.com/contributors"
                }
            ],
            "description": "Symfony Config Component",
            "homepage": "https://symfony.com",
            "time": "2017-07-19T07:37:29+00:00"
        },
        {
            "name": "symfony/dependency-injection",
            "version": "v3.3.6",
            "source": {
                "type": "git",
                "url": "https://github.com/symfony/dependency-injection.git",
                "reference": "8d70987f991481e809c63681ffe8ce3f3fde68a0"
            },
            "dist": {
                "type": "zip",
                "url": "https://api.github.com/repos/symfony/dependency-injection/zipball/8d70987f991481e809c63681ffe8ce3f3fde68a0",
                "reference": "8d70987f991481e809c63681ffe8ce3f3fde68a0",
                "shasum": ""
            },
            "require": {
                "php": ">=5.5.9",
                "psr/container": "^1.0"
            },
            "conflict": {
                "symfony/config": "<3.3.1",
                "symfony/finder": "<3.3",
                "symfony/yaml": "<3.3"
            },
            "provide": {
                "psr/container-implementation": "1.0"
            },
            "require-dev": {
                "symfony/config": "~3.3",
                "symfony/expression-language": "~2.8|~3.0",
                "symfony/yaml": "~3.3"
            },
            "suggest": {
                "symfony/config": "",
                "symfony/expression-language": "For using expressions in service container configuration",
                "symfony/finder": "For using double-star glob patterns or when GLOB_BRACE portability is required",
                "symfony/proxy-manager-bridge": "Generate service proxies to lazy load them",
                "symfony/yaml": ""
            },
            "type": "library",
            "extra": {
                "branch-alias": {
                    "dev-master": "3.3-dev"
                }
            },
            "autoload": {
                "psr-4": {
                    "Symfony\\Component\\DependencyInjection\\": ""
                },
                "exclude-from-classmap": [
                    "/Tests/"
                ]
            },
            "notification-url": "https://packagist.org/downloads/",
            "license": [
                "MIT"
            ],
            "authors": [
                {
                    "name": "Fabien Potencier",
                    "email": "fabien@symfony.com"
                },
                {
                    "name": "Symfony Community",
                    "homepage": "https://symfony.com/contributors"
                }
            ],
            "description": "Symfony DependencyInjection Component",
            "homepage": "https://symfony.com",
            "time": "2017-07-28T15:27:31+00:00"
        },
        {
            "name": "symfony/filesystem",
            "version": "v3.3.6",
            "source": {
                "type": "git",
                "url": "https://github.com/symfony/filesystem.git",
                "reference": "427987eb4eed764c3b6e38d52a0f87989e010676"
            },
            "dist": {
                "type": "zip",
                "url": "https://api.github.com/repos/symfony/filesystem/zipball/427987eb4eed764c3b6e38d52a0f87989e010676",
                "reference": "427987eb4eed764c3b6e38d52a0f87989e010676",
                "shasum": ""
            },
            "require": {
                "php": ">=5.5.9"
            },
            "type": "library",
            "extra": {
                "branch-alias": {
                    "dev-master": "3.3-dev"
                }
            },
            "autoload": {
                "psr-4": {
                    "Symfony\\Component\\Filesystem\\": ""
                },
                "exclude-from-classmap": [
                    "/Tests/"
                ]
            },
            "notification-url": "https://packagist.org/downloads/",
            "license": [
                "MIT"
            ],
            "authors": [
                {
                    "name": "Fabien Potencier",
                    "email": "fabien@symfony.com"
                },
                {
                    "name": "Symfony Community",
                    "homepage": "https://symfony.com/contributors"
                }
            ],
            "description": "Symfony Filesystem Component",
            "homepage": "https://symfony.com",
            "time": "2017-07-11T07:17:58+00:00"
        },
        {
            "name": "theseer/fdomdocument",
            "version": "1.6.6",
            "source": {
                "type": "git",
                "url": "https://github.com/theseer/fDOMDocument.git",
                "reference": "6e8203e40a32a9c770bcb62fe37e68b948da6dca"
            },
            "dist": {
                "type": "zip",
                "url": "https://api.github.com/repos/theseer/fDOMDocument/zipball/6e8203e40a32a9c770bcb62fe37e68b948da6dca",
                "reference": "6e8203e40a32a9c770bcb62fe37e68b948da6dca",
                "shasum": ""
            },
            "require": {
                "ext-dom": "*",
                "lib-libxml": "*",
                "php": ">=5.3.3"
            },
            "type": "library",
            "autoload": {
                "classmap": [
                    "src/"
                ]
            },
            "notification-url": "https://packagist.org/downloads/",
            "license": [
                "BSD-3-Clause"
            ],
            "authors": [
                {
                    "name": "Arne Blankerts",
                    "email": "arne@blankerts.de",
                    "role": "lead"
                }
            ],
            "description": "The classes contained within this repository extend the standard DOM to use exceptions at all occasions of errors instead of PHP warnings or notices. They also add various custom methods and shortcuts for convenience and to simplify the usage of DOM.",
            "homepage": "https://github.com/theseer/fDOMDocument",
            "time": "2017-06-30T11:53:12+00:00"
        }
    ],
    "aliases": [],
    "minimum-stability": "stable",
    "stability-flags": [],
    "prefer-stable": false,
    "prefer-lowest": false,
    "platform": {
        "php": ">=5.4.0"
    },
    "platform-dev": []
}
