{
    "_readme": [
        "This file locks the dependencies of your project to a known state",
        "Read more about it at https://getcomposer.org/doc/01-basic-usage.md#composer-lock-the-lock-file",
        "This file is @generated automatically"
    ],
    "hash": "2181a2a517a4ee895cd4b5b5d4dd0323",
    "content-hash": "9cac0e1054736ba259312920b781c0ff",
    "packages": [
        {
            "name": "macfja/symfony-console-filechooser",
            "version": "0.1",
            "source": {
                "type": "git",
                "url": "https://github.com/MacFJA/Symfony-Console-Filechooser.git",
                "reference": "9d9db462a02d3dba1b1499e9f88d06a3aea40e2a"
            },
            "dist": {
                "type": "zip",
                "url": "https://api.github.com/repos/MacFJA/Symfony-Console-Filechooser/zipball/9d9db462a02d3dba1b1499e9f88d06a3aea40e2a",
                "reference": "9d9db462a02d3dba1b1499e9f88d06a3aea40e2a",
                "shasum": ""
            },
            "require": {
                "symfony/console": "~2.6",
                "symfony/finder": "~2.6"
            },
            "type": "library",
            "autoload": {
                "psr-4": {
                    "MacFJA\\Symfony\\Console\\Filechooser\\": "lib/"
                }
            },
            "notification-url": "https://packagist.org/downloads/",
            "license": [
                "MIT"
            ],
            "authors": [
                {
                    "name": "MacFJA"
                }
            ],
            "description": "Filechooser Helper for Symfony2 console (with autocompletion support)",
            "keywords": [
                "autocomplete",
                "autocompletion",
                "chooser",
                "console",
                "file",
                "filesystem",
                "interactive",
                "symfony"
            ],
            "time": "2015-09-23 18:04:52"
        },
        {
            "name": "rych/bytesize",
            "version": "v1.0.0",
            "source": {
                "type": "git",
                "url": "https://github.com/rchouinard/bytesize.git",
                "reference": "297e16ea047461b91e8d7eb90aa46aaa52917824"
            },
            "dist": {
                "type": "zip",
                "url": "https://api.github.com/repos/rchouinard/bytesize/zipball/297e16ea047461b91e8d7eb90aa46aaa52917824",
                "reference": "297e16ea047461b91e8d7eb90aa46aaa52917824",
                "shasum": ""
            },
            "require": {
                "ext-bcmath": "*",
                "php": ">=5.3.4"
            },
            "require-dev": {
                "phpunit/phpunit": "3.7.*"
            },
            "type": "library",
            "autoload": {
                "psr-4": {
                    "Rych\\ByteSize\\": "src/"
                }
            },
            "notification-url": "https://packagist.org/downloads/",
            "license": [
                "MIT"
            ],
            "authors": [
                {
                    "name": "Ryan Chouinard",
                    "email": "rchouinard@gmail.com",
                    "homepage": "http://ryanchouinard.com"
                }
            ],
            "description": "Utility component for nicely formatted file sizes.",
            "homepage": "https://github.com/rchouinard/bytesize",
            "keywords": [
                "filesize"
            ],
            "time": "2014-04-04 18:06:18"
        },
        {
            "name": "symfony/console",
            "version": "2.8.x-dev",
            "source": {
                "type": "git",
                "url": "https://github.com/symfony/Console.git",
                "reference": "2ad5776cd18a443984c243a9bd8bd05470983da9"
            },
            "dist": {
                "type": "zip",
                "url": "https://api.github.com/repos/symfony/Console/zipball/2ad5776cd18a443984c243a9bd8bd05470983da9",
                "reference": "2ad5776cd18a443984c243a9bd8bd05470983da9",
                "shasum": ""
            },
            "require": {
                "php": ">=5.3.9"
            },
            "require-dev": {
                "psr/log": "~1.0",
                "symfony/event-dispatcher": "~2.1|~3.0.0",
                "symfony/phpunit-bridge": "~2.7|~3.0.0",
                "symfony/process": "~2.1|~3.0.0"
            },
            "suggest": {
                "psr/log": "For using the console logger",
                "symfony/event-dispatcher": "",
                "symfony/process": ""
            },
            "type": "library",
            "extra": {
                "branch-alias": {
                    "dev-master": "2.8-dev"
                }
            },
            "autoload": {
                "psr-4": {
                    "Symfony\\Component\\Console\\": ""
                }
            },
            "notification-url": "https://packagist.org/downloads/",
            "license": [
                "MIT"
            ],
            "authors": [
                {
                    "name": "Fabien Potencier",
                    "email": "fabien@symfony.com"
                },
                {
                    "name": "Symfony Community",
                    "homepage": "https://symfony.com/contributors"
                }
            ],
            "description": "Symfony Console Component",
            "homepage": "https://symfony.com",
            "time": "2015-09-22 13:49:41"
        },
        {
            "name": "symfony/finder",
            "version": "2.8.x-dev",
            "source": {
                "type": "git",
                "url": "https://github.com/symfony/Finder.git",
                "reference": "31a075085173c6d09402dd849f28266e9896419e"
            },
            "dist": {
                "type": "zip",
                "url": "https://api.github.com/repos/symfony/Finder/zipball/31a075085173c6d09402dd849f28266e9896419e",
                "reference": "31a075085173c6d09402dd849f28266e9896419e",
                "shasum": ""
            },
            "require": {
                "php": ">=5.3.9"
            },
            "require-dev": {
                "symfony/phpunit-bridge": "~2.7|~3.0.0"
            },
            "type": "library",
            "extra": {
                "branch-alias": {
                    "dev-master": "2.8-dev"
                }
            },
            "autoload": {
                "psr-4": {
                    "Symfony\\Component\\Finder\\": ""
                }
            },
            "notification-url": "https://packagist.org/downloads/",
            "license": [
                "MIT"
            ],
            "authors": [
                {
                    "name": "Fabien Potencier",
                    "email": "fabien@symfony.com"
                },
                {
                    "name": "Symfony Community",
                    "homepage": "https://symfony.com/contributors"
                }
            ],
            "description": "Symfony Finder Component",
            "homepage": "https://symfony.com",
            "time": "2015-09-22 11:58:08"
        },
        {
            "name": "webignition/readable-duration",
            "version": "0.2",
            "source": {
                "type": "git",
                "url": "https://github.com/webignition/readable-duration.git",
                "reference": "fe7c33e259f82a015db69272e4eaa53c3f394230"
            },
            "dist": {
                "type": "zip",
                "url": "https://api.github.com/repos/webignition/readable-duration/zipball/fe7c33e259f82a015db69272e4eaa53c3f394230",
                "reference": "fe7c33e259f82a015db69272e4eaa53c3f394230",
                "shasum": ""
            },
            "require": {
                "php": ">=5.3.0"
            },
            "type": "library",
            "autoload": {
                "psr-0": {
                    "": "src/"
                }
            },
            "notification-url": "https://packagist.org/downloads/",
            "license": [
                "MIT"
            ],
            "authors": [
                {
                    "name": "Jon Cram",
                    "email": "jon@webignition.net"
                }
            ],
            "description": "Convert a value in seconds into a human-readable convenience duration",
            "homepage": "https://github.com/webignition/readable-duration",
            "keywords": [
                "duration",
                "humand-readable",
                "readable",
                "time"
            ],
            "time": "2013-03-28 15:26:25"
        }
    ],
    "packages-dev": [],
    "aliases": [],
    "minimum-stability": "dev",
    "stability-flags": [],
    "prefer-stable": false,
    "prefer-lowest": false,
    "platform": [],
    "platform-dev": []
}
